
Microsoft Visual Studio Solution File, Format Version 12.00
# Visual Studio 15
VisualStudioVersion = 15.0.28010.2019
MinimumVisualStudioVersion = 10.0.40219.1
Project("{8BC9CEB8-8B4A-11D0-8D11-00A0C91BC942}") = "NeuralNet", "NeuralNet\NeuralNet.vcxproj", "{A6A2B615-4CA1-4BAB-A565-CD47FE085247}"
EndProject
Project("{FAE04EC0-301F-11D3-BF4B-00C04F79EFBC}") = "NeuralViewer", "NeuralViewer\NeuralViewer.csproj", "{ED607D22-63D5-43EC-9EAE-9D6BA75AD5BD}"
EndProject
Global
	GlobalSection(Performance) = preSolution
		HasPerformanceSessions = true
	EndGlobalSection
	GlobalSection(SolutionConfigurationPlatforms) = preSolution
		Debug|Any CPU = Debug|Any CPU
		Debug|x64 = Debug|x64
		Debug|x86 = Debug|x86
		Release|Any CPU = Release|Any CPU
		Release|x64 = Release|x64
		Release|x86 = Release|x86
	EndGlobalSection
	GlobalSection(ProjectConfigurationPlatforms) = postSolution
		{A6A2B615-4CA1-4BAB-A565-CD47FE085247}.Debug|Any CPU.ActiveCfg = Debug|Win32
		{A6A2B615-4CA1-4BAB-A565-CD47FE085247}.Debug|x64.ActiveCfg = Debug|x64
		{A6A2B615-4CA1-4BAB-A565-CD47FE085247}.Debug|x64.Build.0 = Debug|x64
		{A6A2B615-4CA1-4BAB-A565-CD47FE085247}.Debug|x86.ActiveCfg = Debug|Win32
		{A6A2B615-4CA1-4BAB-A565-CD47FE085247}.Debug|x86.Build.0 = Debug|Win32
		{A6A2B615-4CA1-4BAB-A565-CD47FE085247}.Release|Any CPU.ActiveCfg = Release|Win32
		{A6A2B615-4CA1-4BAB-A565-CD47FE085247}.Release|x64.ActiveCfg = Release|x64
		{A6A2B615-4CA1-4BAB-A565-CD47FE085247}.Release|x64.Build.0 = Release|x64
		{A6A2B615-4CA1-4BAB-A565-CD47FE085247}.Release|x86.ActiveCfg = Release|Win32
		{A6A2B615-4CA1-4BAB-A565-CD47FE085247}.Release|x86.Build.0 = Release|Win32
		{ED607D22-63D5-43EC-9EAE-9D6BA75AD5BD}.Debug|Any CPU.ActiveCfg = Debug|Any CPU
		{ED607D22-63D5-43EC-9EAE-9D6BA75AD5BD}.Debug|Any CPU.Build.0 = Debug|Any CPU
		{ED607D22-63D5-43EC-9EAE-9D6BA75AD5BD}.Debug|x64.ActiveCfg = Debug|Any CPU
		{ED607D22-63D5-43EC-9EAE-9D6BA75AD5BD}.Debug|x64.Build.0 = Debug|Any CPU
		{ED607D22-63D5-43EC-9EAE-9D6BA75AD5BD}.Debug|x86.ActiveCfg = Debug|Any CPU
		{ED607D22-63D5-43EC-9EAE-9D6BA75AD5BD}.Debug|x86.Build.0 = Debug|Any CPU
		{ED607D22-63D5-43EC-9EAE-9D6BA75AD5BD}.Release|Any CPU.ActiveCfg = Release|Any CPU
		{ED607D22-63D5-43EC-9EAE-9D6BA75AD5BD}.Release|Any CPU.Build.0 = Release|Any CPU
		{ED607D22-63D5-43EC-9EAE-9D6BA75AD5BD}.Release|x64.ActiveCfg = Release|Any CPU
		{ED607D22-63D5-43EC-9EAE-9D6BA75AD5BD}.Release|x64.Build.0 = Release|Any CPU
		{ED607D22-63D5-43EC-9EAE-9D6BA75AD5BD}.Release|x86.ActiveCfg = Release|Any CPU
		{ED607D22-63D5-43EC-9EAE-9D6BA75AD5BD}.Release|x86.Build.0 = Release|Any CPU
	EndGlobalSection
	GlobalSection(SolutionProperties) = preSolution
		HideSolutionNode = FALSE
	EndGlobalSection
	GlobalSection(ExtensibilityGlobals) = postSolution
		SolutionGuid = {DD78D7A8-25C9-461B-8BB5-E43D9E520DD2}
	EndGlobalSection
	GlobalSection(Performance) = preSolution
		HasPerformanceSessions = true
	EndGlobalSection
EndGlobal
